
Microsoft Visual Studio Solution File, Format Version 12.00
# Visual Studio 15
Project("{FAE04EC0-301F-11D3-BF4B-00C04F79EFBC}") = "monotouch-test", "monotouch-test.csproj", "{AC6D070F-2ED4-4701-B701-81915B931D1D}"
EndProject
Project("{FAE04EC0-301F-11D3-BF4B-00C04F79EFBC}") = "bindings-test", "..\bindings-test\bindings-test.csproj", "{D6667423-EDD8-4B50-9D98-1AC5D8A8A4EA}"
EndProject
Project("{FAE04EC0-301F-11D3-BF4B-00C04F79EFBC}") = "EmbeddedResources", "..\EmbeddedResources\EmbeddedResources.csproj", "{676F527D-3352-42EA-9DE2-181C45003568}"
EndProject
Project("{F2A71F9B-5D33-465A-A702-920D77279786}") = "fsharplibrary", "..\fsharplibrary\fsharplibrary.fsproj", "{C7212169-BA46-413B-91CD-A32C52AD5E0D}"
EndProject
Project("{FAE04EC0-301F-11D3-BF4B-00C04F79EFBC}") = "Touch.Client-iOS", "..\..\external\Touch.Unit\Touch.Client\iOS\Touch.Client-iOS.csproj", "{F611ED96-54B5-4975-99BB-12F50AF95936}"
EndProject
Global
	GlobalSection(SolutionConfigurationPlatforms) = preSolution
		Debug|iPhoneSimulator = Debug|iPhoneSimulator
		Release|iPhoneSimulator = Release|iPhoneSimulator
		Debug|iPhone = Debug|iPhone
		Debug64|iPhone = Debug64|iPhone
		Debug32|iPhone = Debug32|iPhone
		Release|iPhone = Release|iPhone
		Release32|iPhone = Release32|iPhone
		Release64|iPhone = Release64|iPhone
		Release-bitcode|iPhone = Release-bitcode|iPhone
		Debug64_32|Any CPU = Debug64_32|Any CPU
		Release64_32|Any CPU = Release64_32|Any CPU
	EndGlobalSection
	GlobalSection(ProjectConfigurationPlatforms) = postSolution
		{AC6D070F-2ED4-4701-B701-81915B931D1D}.Debug|iPhoneSimulator.ActiveCfg = Debug|iPhoneSimulator
		{AC6D070F-2ED4-4701-B701-81915B931D1D}.Debug|iPhoneSimulator.Build.0 = Debug|iPhoneSimulator
		{AC6D070F-2ED4-4701-B701-81915B931D1D}.Release|iPhoneSimulator.ActiveCfg = Release|iPhoneSimulator
		{AC6D070F-2ED4-4701-B701-81915B931D1D}.Release|iPhoneSimulator.Build.0 = Release|iPhoneSimulator
		{AC6D070F-2ED4-4701-B701-81915B931D1D}.Debug|iPhone.ActiveCfg = Debug|iPhone
		{AC6D070F-2ED4-4701-B701-81915B931D1D}.Debug|iPhone.Build.0 = Debug|iPhone
		{AC6D070F-2ED4-4701-B701-81915B931D1D}.Debug64|iPhone.ActiveCfg = Debug64|iPhone
		{AC6D070F-2ED4-4701-B701-81915B931D1D}.Debug64|iPhone.Build.0 = Debug64|iPhone
		{AC6D070F-2ED4-4701-B701-81915B931D1D}.Debug32|iPhone.ActiveCfg = Debug32|iPhone
		{AC6D070F-2ED4-4701-B701-81915B931D1D}.Debug32|iPhone.Build.0 = Debug32|iPhone
		{AC6D070F-2ED4-4701-B701-81915B931D1D}.Release|iPhone.ActiveCfg = Release|iPhone
		{AC6D070F-2ED4-4701-B701-81915B931D1D}.Release|iPhone.Build.0 = Release|iPhone
		{AC6D070F-2ED4-4701-B701-81915B931D1D}.Release32|iPhone.ActiveCfg = Release32|iPhone
		{AC6D070F-2ED4-4701-B701-81915B931D1D}.Release32|iPhone.Build.0 = Release32|iPhone
		{AC6D070F-2ED4-4701-B701-81915B931D1D}.Release64|iPhone.ActiveCfg = Release64|iPhone
		{AC6D070F-2ED4-4701-B701-81915B931D1D}.Release64|iPhone.Build.0 = Release64|iPhone
		{AC6D070F-2ED4-4701-B701-81915B931D1D}.Release-bitcode|iPhone.ActiveCfg = Release-bitcode|iPhone
		{AC6D070F-2ED4-4701-B701-81915B931D1D}.Release-bitcode|iPhone.Build.0 = Release-bitcode|iPhone
		{AC6D070F-2ED4-4701-B701-81915B931D1D}.Debug64_32|Any CPU.ActiveCfg = Debug|iPhoneSimulator
		{AC6D070F-2ED4-4701-B701-81915B931D1D}.Debug64_32|Any CPU.Build.0 = Debug|iPhoneSimulator
		{AC6D070F-2ED4-4701-B701-81915B931D1D}.Release64_32|Any CPU.ActiveCfg = Debug|iPhoneSimulator
		{AC6D070F-2ED4-4701-B701-81915B931D1D}.Release64_32|Any CPU.Build.0 = Debug|iPhoneSimulator
		{D6667423-EDD8-4B50-9D98-1AC5D8A8A4EA}.Debug|iPhoneSimulator.ActiveCfg = Debug|Any CPU
		{D6667423-EDD8-4B50-9D98-1AC5D8A8A4EA}.Debug|iPhoneSimulator.Build.0 = Debug|Any CPU
		{D6667423-EDD8-4B50-9D98-1AC5D8A8A4EA}.Release|iPhoneSimulator.ActiveCfg = Release|Any CPU
		{D6667423-EDD8-4B50-9D98-1AC5D8A8A4EA}.Release|iPhoneSimulator.Build.0 = Release|Any CPU
		{D6667423-EDD8-4B50-9D98-1AC5D8A8A4EA}.Debug|iPhone.ActiveCfg = Debug|Any CPU
		{D6667423-EDD8-4B50-9D98-1AC5D8A8A4EA}.Debug|iPhone.Build.0 = Debug|Any CPU
		{D6667423-EDD8-4B50-9D98-1AC5D8A8A4EA}.Debug64|iPhone.ActiveCfg = Debug64|Any CPU
		{D6667423-EDD8-4B50-9D98-1AC5D8A8A4EA}.Debug64|iPhone.Build.0 = Debug64|Any CPU
		{D6667423-EDD8-4B50-9D98-1AC5D8A8A4EA}.Debug32|iPhone.ActiveCfg = Debug32|Any CPU
		{D6667423-EDD8-4B50-9D98-1AC5D8A8A4EA}.Debug32|iPhone.Build.0 = Debug32|Any CPU
		{D6667423-EDD8-4B50-9D98-1AC5D8A8A4EA}.Release|iPhone.ActiveCfg = Release|Any CPU
		{D6667423-EDD8-4B50-9D98-1AC5D8A8A4EA}.Release|iPhone.Build.0 = Release|Any CPU
		{D6667423-EDD8-4B50-9D98-1AC5D8A8A4EA}.Release32|iPhone.ActiveCfg = Release32|Any CPU
		{D6667423-EDD8-4B50-9D98-1AC5D8A8A4EA}.Release32|iPhone.Build.0 = Release32|Any CPU
		{D6667423-EDD8-4B50-9D98-1AC5D8A8A4EA}.Release64|iPhone.ActiveCfg = Release64|Any CPU
		{D6667423-EDD8-4B50-9D98-1AC5D8A8A4EA}.Release64|iPhone.Build.0 = Release64|Any CPU
		{D6667423-EDD8-4B50-9D98-1AC5D8A8A4EA}.Release-bitcode|iPhone.ActiveCfg = Release-bitcode|Any CPU
		{D6667423-EDD8-4B50-9D98-1AC5D8A8A4EA}.Release-bitcode|iPhone.Build.0 = Release-bitcode|Any CPU
		{D6667423-EDD8-4B50-9D98-1AC5D8A8A4EA}.Debug64_32|Any CPU.ActiveCfg = Debug64_32|Any CPU
		{D6667423-EDD8-4B50-9D98-1AC5D8A8A4EA}.Debug64_32|Any CPU.Build.0 = Debug64_32|Any CPU
		{D6667423-EDD8-4B50-9D98-1AC5D8A8A4EA}.Release64_32|Any CPU.ActiveCfg = Release64_32|Any CPU
		{D6667423-EDD8-4B50-9D98-1AC5D8A8A4EA}.Release64_32|Any CPU.Build.0 = Release64_32|Any CPU
		{676F527D-3352-42EA-9DE2-181C45003568}.Debug|iPhoneSimulator.ActiveCfg = Debug|Any CPU
		{676F527D-3352-42EA-9DE2-181C45003568}.Debug|iPhoneSimulator.Build.0 = Debug|Any CPU
		{676F527D-3352-42EA-9DE2-181C45003568}.Release|iPhoneSimulator.ActiveCfg = Release|Any CPU
		{676F527D-3352-42EA-9DE2-181C45003568}.Release|iPhoneSimulator.Build.0 = Release|Any CPU
		{676F527D-3352-42EA-9DE2-181C45003568}.Debug|iPhone.ActiveCfg = Debug|Any CPU
		{676F527D-3352-42EA-9DE2-181C45003568}.Debug|iPhone.Build.0 = Debug|Any CPU
		{676F527D-3352-42EA-9DE2-181C45003568}.Debug64|iPhone.ActiveCfg = Debug64|Any CPU
		{676F527D-3352-42EA-9DE2-181C45003568}.Debug64|iPhone.Build.0 = Debug64|Any CPU
		{676F527D-3352-42EA-9DE2-181C45003568}.Debug32|iPhone.ActiveCfg = Debug32|Any CPU
		{676F527D-3352-42EA-9DE2-181C45003568}.Debug32|iPhone.Build.0 = Debug32|Any CPU
		{676F527D-3352-42EA-9DE2-181C45003568}.Release|iPhone.ActiveCfg = Release|Any CPU
		{676F527D-3352-42EA-9DE2-181C45003568}.Release|iPhone.Build.0 = Release|Any CPU
		{676F527D-3352-42EA-9DE2-181C45003568}.Release32|iPhone.ActiveCfg = Release32|Any CPU
		{676F527D-3352-42EA-9DE2-181C45003568}.Release32|iPhone.Build.0 = Release32|Any CPU
		{676F527D-3352-42EA-9DE2-181C45003568}.Release64|iPhone.ActiveCfg = Release64|Any CPU
		{676F527D-3352-42EA-9DE2-181C45003568}.Release64|iPhone.Build.0 = Release64|Any CPU
		{676F527D-3352-42EA-9DE2-181C45003568}.Release-bitcode|iPhone.ActiveCfg = Release-bitcode|Any CPU
		{676F527D-3352-42EA-9DE2-181C45003568}.Release-bitcode|iPhone.Build.0 = Release-bitcode|Any CPU
		{676F527D-3352-42EA-9DE2-181C45003568}.Debug64_32|Any CPU.ActiveCfg = Debug64_32|Any CPU
		{676F527D-3352-42EA-9DE2-181C45003568}.Debug64_32|Any CPU.Build.0 = Debug64_32|Any CPU
		{676F527D-3352-42EA-9DE2-181C45003568}.Release64_32|Any CPU.ActiveCfg = Release64_32|Any CPU
		{676F527D-3352-42EA-9DE2-181C45003568}.Release64_32|Any CPU.Build.0 = Release64_32|Any CPU
		{C7212169-BA46-413B-91CD-A32C52AD5E0D}.Debug|iPhoneSimulator.ActiveCfg = Debug|Any CPU
		{C7212169-BA46-413B-91CD-A32C52AD5E0D}.Debug|iPhoneSimulator.Build.0 = Debug|Any CPU
		{C7212169-BA46-413B-91CD-A32C52AD5E0D}.Release|iPhoneSimulator.ActiveCfg = Release|Any CPU
		{C7212169-BA46-413B-91CD-A32C52AD5E0D}.Release|iPhoneSimulator.Build.0 = Release|Any CPU
		{C7212169-BA46-413B-91CD-A32C52AD5E0D}.Debug|iPhone.ActiveCfg = Debug|Any CPU
		{C7212169-BA46-413B-91CD-A32C52AD5E0D}.Debug|iPhone.Build.0 = Debug|Any CPU
		{C7212169-BA46-413B-91CD-A32C52AD5E0D}.Debug64|iPhone.ActiveCfg = Debug64|Any CPU
		{C7212169-BA46-413B-91CD-A32C52AD5E0D}.Debug64|iPhone.Build.0 = Debug64|Any CPU
		{C7212169-BA46-413B-91CD-A32C52AD5E0D}.Debug32|iPhone.ActiveCfg = Debug32|Any CPU
		{C7212169-BA46-413B-91CD-A32C52AD5E0D}.Debug32|iPhone.Build.0 = Debug32|Any CPU
		{C7212169-BA46-413B-91CD-A32C52AD5E0D}.Release|iPhone.ActiveCfg = Release|Any CPU
		{C7212169-BA46-413B-91CD-A32C52AD5E0D}.Release|iPhone.Build.0 = Release|Any CPU
		{C7212169-BA46-413B-91CD-A32C52AD5E0D}.Release32|iPhone.ActiveCfg = Release32|Any CPU
		{C7212169-BA46-413B-91CD-A32C52AD5E0D}.Release32|iPhone.Build.0 = Release32|Any CPU
		{C7212169-BA46-413B-91CD-A32C52AD5E0D}.Release64|iPhone.ActiveCfg = Release64|Any CPU
		{C7212169-BA46-413B-91CD-A32C52AD5E0D}.Release64|iPhone.Build.0 = Release64|Any CPU
		{C7212169-BA46-413B-91CD-A32C52AD5E0D}.Release-bitcode|iPhone.ActiveCfg = Release-bitcode|Any CPU
		{C7212169-BA46-413B-91CD-A32C52AD5E0D}.Release-bitcode|iPhone.Build.0 = Release-bitcode|Any CPU
		{C7212169-BA46-413B-91CD-A32C52AD5E0D}.Debug64_32|Any CPU.ActiveCfg = Debug64_32|Any CPU
		{C7212169-BA46-413B-91CD-A32C52AD5E0D}.Debug64_32|Any CPU.Build.0 = Debug64_32|Any CPU
		{C7212169-BA46-413B-91CD-A32C52AD5E0D}.Release64_32|Any CPU.ActiveCfg = Release64_32|Any CPU
		{C7212169-BA46-413B-91CD-A32C52AD5E0D}.Release64_32|Any CPU.Build.0 = Release64_32|Any CPU
		{F611ED96-54B5-4975-99BB-12F50AF95936}.Debug|iPhoneSimulator.ActiveCfg = Debug|Any CPU
		{F611ED96-54B5-4975-99BB-12F50AF95936}.Debug|iPhoneSimulator.Build.0 = Debug|Any CPU
		{F611ED96-54B5-4975-99BB-12F50AF95936}.Release|iPhoneSimulator.ActiveCfg = Release|Any CPU
		{F611ED96-54B5-4975-99BB-12F50AF95936}.Release|iPhoneSimulator.Build.0 = Release|Any CPU
		{F611ED96-54B5-4975-99BB-12F50AF95936}.Debug|iPhone.ActiveCfg = Debug|Any CPU
		{F611ED96-54B5-4975-99BB-12F50AF95936}.Debug|iPhone.Build.0 = Debug|Any CPU
		{F611ED96-54B5-4975-99BB-12F50AF95936}.Debug64|iPhone.ActiveCfg = Debug|Any CPU
		{F611ED96-54B5-4975-99BB-12F50AF95936}.Debug64|iPhone.Build.0 = Debug|Any CPU
		{F611ED96-54B5-4975-99BB-12F50AF95936}.Debug32|iPhone.ActiveCfg = Debug|Any CPU
		{F611ED96-54B5-4975-99BB-12F50AF95936}.Debug32|iPhone.Build.0 = Debug|Any CPU
		{F611ED96-54B5-4975-99BB-12F50AF95936}.Release|iPhone.ActiveCfg = Release|Any CPU
		{F611ED96-54B5-4975-99BB-12F50AF95936}.Release|iPhone.Build.0 = Release|Any CPU
		{F611ED96-54B5-4975-99BB-12F50AF95936}.Release32|iPhone.ActiveCfg = Release|Any CPU
		{F611ED96-54B5-4975-99BB-12F50AF95936}.Release32|iPhone.Build.0 = Release|Any CPU
		{F611ED96-54B5-4975-99BB-12F50AF95936}.Release64|iPhone.ActiveCfg = Release|Any CPU
		{F611ED96-54B5-4975-99BB-12F50AF95936}.Release64|iPhone.Build.0 = Release|Any CPU
		{F611ED96-54B5-4975-99BB-12F50AF95936}.Release-bitcode|iPhone.ActiveCfg = Release|Any CPU
		{F611ED96-54B5-4975-99BB-12F50AF95936}.Release-bitcode|iPhone.Build.0 = Release|Any CPU
		{F611ED96-54B5-4975-99BB-12F50AF95936}.Debug64_32|Any CPU.ActiveCfg = Debug|Any CPU
		{F611ED96-54B5-4975-99BB-12F50AF95936}.Debug64_32|Any CPU.Build.0 = Debug|Any CPU
		{F611ED96-54B5-4975-99BB-12F50AF95936}.Release64_32|Any CPU.ActiveCfg = Debug|Any CPU
		{F611ED96-54B5-4975-99BB-12F50AF95936}.Release64_32|Any CPU.Build.0 = Debug|Any CPU
	EndGlobalSection
EndGlobal
