<Solution>
  <Configurations>
    <Platform Name="iPhone" />
    <Platform Name="iPhoneSimulator" />
  </Configurations>
  <Project Path="../MyTVServicesExtension/MyTVServicesExtension.csproj">
    <Platform Solution="*|iPhone" Project="iPhone" />
    <Platform Solution="*|iPhoneSimulator" Project="iPhoneSimulator" />
  </Project>
  <Project Path="MyTVApp.csproj">
    <Platform Solution="*|iPhone" Project="iPhone" />
    <Platform Solution="*|iPhoneSimulator" Project="iPhoneSimulator" />
  </Project>
</Solution>
