<Solution>
  <Configurations>
    <Platform Name="Any CPU" />
    <Platform Name="iPhone" />
    <Platform Name="iPhoneSimulator" />
  </Configurations>
  <Project Path="MauiForms.iOS/MauiForms.iOS.csproj">
    <Platform Solution="*|Any CPU" Project="iPhoneSimulator" />
    <Platform Solution="*|iPhone" Project="iPhone" />
    <Platform Solution="*|iPhoneSimulator" Project="iPhoneSimulator" />
  </Project>
  <Project Path="MauiForms/MauiForms.csproj" />
</Solution>
