
Microsoft Visual Studio Solution File, Format Version 12.00
# Visual Studio 15
Project("{FAE04EC0-301F-11D3-BF4B-00C04F79EFBC}") = "MyExtensionContainer", "MyExtensionContainer.csproj", "{99002C46-D537-4F45-9A2F-036F8155DF8D}"
EndProject
Project("{FAE04EC0-301F-11D3-BF4B-00C04F79EFBC}") = "MySpotlightIndexExtension", "..\MySpotlightIndexExtension\MySpotlightIndexExtension.csproj", "{E3FFC37A-01D2-4F53-9346-0646EDEE49E9}"
EndProject
Project("{FAE04EC0-301F-11D3-BF4B-00C04F79EFBC}") = "MySharedLinksExtension", "..\MySharedLinksExtension\MySharedLinksExtension.csproj", "{BC2AD4E4-EAD2-43E3-B49C-BFFD3CD7D754}"
EndProject
Global
	GlobalSection(SolutionConfigurationPlatforms) = preSolution
		Debug|iPhoneSimulator = Debug|iPhoneSimulator
		Release|iPhoneSimulator = Release|iPhoneSimulator
		Debug|iPhone = Debug|iPhone
		Release|iPhone = Release|iPhone
	EndGlobalSection
	GlobalSection(ProjectConfigurationPlatforms) = postSolution
		{99002C46-D537-4F45-9A2F-036F8155DF8D}.Debug|iPhoneSimulator.ActiveCfg = Debug|iPhoneSimulator
		{99002C46-D537-4F45-9A2F-036F8155DF8D}.Debug|iPhoneSimulator.Build.0 = Debug|iPhoneSimulator
		{99002C46-D537-4F45-9A2F-036F8155DF8D}.Release|iPhoneSimulator.ActiveCfg = Release|iPhoneSimulator
		{99002C46-D537-4F45-9A2F-036F8155DF8D}.Release|iPhoneSimulator.Build.0 = Release|iPhoneSimulator
		{99002C46-D537-4F45-9A2F-036F8155DF8D}.Debug|iPhone.ActiveCfg = Debug|iPhone
		{99002C46-D537-4F45-9A2F-036F8155DF8D}.Debug|iPhone.Build.0 = Debug|iPhone
		{99002C46-D537-4F45-9A2F-036F8155DF8D}.Release|iPhone.ActiveCfg = Release|iPhone
		{99002C46-D537-4F45-9A2F-036F8155DF8D}.Release|iPhone.Build.0 = Release|iPhone
		{E3FFC37A-01D2-4F53-9346-0646EDEE49E9}.Debug|iPhoneSimulator.ActiveCfg = Debug|iPhoneSimulator
		{E3FFC37A-01D2-4F53-9346-0646EDEE49E9}.Debug|iPhoneSimulator.Build.0 = Debug|iPhoneSimulator
		{E3FFC37A-01D2-4F53-9346-0646EDEE49E9}.Release|iPhoneSimulator.ActiveCfg = Release|iPhoneSimulator
		{E3FFC37A-01D2-4F53-9346-0646EDEE49E9}.Release|iPhoneSimulator.Build.0 = Release|iPhoneSimulator
		{E3FFC37A-01D2-4F53-9346-0646EDEE49E9}.Debug|iPhone.ActiveCfg = Debug|iPhone
		{E3FFC37A-01D2-4F53-9346-0646EDEE49E9}.Debug|iPhone.Build.0 = Debug|iPhone
		{E3FFC37A-01D2-4F53-9346-0646EDEE49E9}.Release|iPhone.ActiveCfg = Release|iPhone
		{E3FFC37A-01D2-4F53-9346-0646EDEE49E9}.Release|iPhone.Build.0 = Release|iPhone
		{BC2AD4E4-EAD2-43E3-B49C-BFFD3CD7D754}.Debug|iPhoneSimulator.ActiveCfg = Debug|iPhoneSimulator
		{BC2AD4E4-EAD2-43E3-B49C-BFFD3CD7D754}.Debug|iPhoneSimulator.Build.0 = Debug|iPhoneSimulator
		{BC2AD4E4-EAD2-43E3-B49C-BFFD3CD7D754}.Release|iPhoneSimulator.ActiveCfg = Release|iPhoneSimulator
		{BC2AD4E4-EAD2-43E3-B49C-BFFD3CD7D754}.Release|iPhoneSimulator.Build.0 = Release|iPhoneSimulator
		{BC2AD4E4-EAD2-43E3-B49C-BFFD3CD7D754}.Debug|iPhone.ActiveCfg = Debug|iPhone
		{BC2AD4E4-EAD2-43E3-B49C-BFFD3CD7D754}.Debug|iPhone.Build.0 = Debug|iPhone
		{BC2AD4E4-EAD2-43E3-B49C-BFFD3CD7D754}.Release|iPhone.ActiveCfg = Release|iPhone
		{BC2AD4E4-EAD2-43E3-B49C-BFFD3CD7D754}.Release|iPhone.Build.0 = Release|iPhone
	EndGlobalSection
EndGlobal
